
Microsoft Visual Studio Solution File, Format Version 12.00
# Visual Studio 14
VisualStudioVersion = 14.0.25420.1
MinimumVisualStudioVersion = 10.0.40219.1
Project("{FAE04EC0-301F-11D3-BF4B-00C04F79EFBC}") = "ImmigrationApplication.DataAccess", "ImmigrationApplication.DataAccess\ImmigrationApplication.DataAccess.csproj", "{DA5875D1-6342-4D7E-B943-B93D03B15BC6}"
EndProject
Project("{FAE04EC0-301F-11D3-BF4B-00C04F79EFBC}") = "ImmigrationApplication.Model", "ImmigrationApplication.Model\ImmigrationApplication.Model.csproj", "{F1404453-36D8-4253-8124-D796770F8E23}"
EndProject
Project("{FAE04EC0-301F-11D3-BF4B-00C04F79EFBC}") = "ImmigrationApplication.WebApi", "ImmigrationApplication.WebApi\ImmigrationApplication.WebApi.csproj", "{846AF228-E35A-425F-9E49-96441CD6F1CD}"
EndProject
Project("{FAE04EC0-301F-11D3-BF4B-00C04F79EFBC}") = "ImmigrationApplication.Tests", "ImmigrationApplication.Tests\ImmigrationApplication.Tests.csproj", "{0CA568B2-B9BA-4646-8426-5CC7A1EE2907}"
EndProject
Global
	GlobalSection(SolutionConfigurationPlatforms) = preSolution
		Debug|Any CPU = Debug|Any CPU
		Release|Any CPU = Release|Any CPU
	EndGlobalSection
	GlobalSection(ProjectConfigurationPlatforms) = postSolution
		{DA5875D1-6342-4D7E-B943-B93D03B15BC6}.Debug|Any CPU.ActiveCfg = Debug|Any CPU
		{DA5875D1-6342-4D7E-B943-B93D03B15BC6}.Debug|Any CPU.Build.0 = Debug|Any CPU
		{DA5875D1-6342-4D7E-B943-B93D03B15BC6}.Release|Any CPU.ActiveCfg = Release|Any CPU
		{DA5875D1-6342-4D7E-B943-B93D03B15BC6}.Release|Any CPU.Build.0 = Release|Any CPU
		{F1404453-36D8-4253-8124-D796770F8E23}.Debug|Any CPU.ActiveCfg = Debug|Any CPU
		{F1404453-36D8-4253-8124-D796770F8E23}.Debug|Any CPU.Build.0 = Debug|Any CPU
		{F1404453-36D8-4253-8124-D796770F8E23}.Release|Any CPU.ActiveCfg = Release|Any CPU
		{F1404453-36D8-4253-8124-D796770F8E23}.Release|Any CPU.Build.0 = Release|Any CPU
		{846AF228-E35A-425F-9E49-96441CD6F1CD}.Debug|Any CPU.ActiveCfg = Debug|Any CPU
		{846AF228-E35A-425F-9E49-96441CD6F1CD}.Debug|Any CPU.Build.0 = Debug|Any CPU
		{846AF228-E35A-425F-9E49-96441CD6F1CD}.Release|Any CPU.ActiveCfg = Release|Any CPU
		{846AF228-E35A-425F-9E49-96441CD6F1CD}.Release|Any CPU.Build.0 = Release|Any CPU
		{0CA568B2-B9BA-4646-8426-5CC7A1EE2907}.Debug|Any CPU.ActiveCfg = Debug|Any CPU
		{0CA568B2-B9BA-4646-8426-5CC7A1EE2907}.Debug|Any CPU.Build.0 = Debug|Any CPU
		{0CA568B2-B9BA-4646-8426-5CC7A1EE2907}.Release|Any CPU.ActiveCfg = Release|Any CPU
		{0CA568B2-B9BA-4646-8426-5CC7A1EE2907}.Release|Any CPU.Build.0 = Release|Any CPU
	EndGlobalSection
	GlobalSection(SolutionProperties) = preSolution
		HideSolutionNode = FALSE
	EndGlobalSection
EndGlobal
